
Microsoft Visual Studio Solution File, Format Version 12.00
# Visual Studio Version 17
VisualStudioVersion = 17.4.33213.308
MinimumVisualStudioVersion = 10.0.40219.1
Project("{9A19103F-16F7-4668-BE54-9A1E7A4F7556}") = "IntegracaoAPI", "IntegracaoAPI\IntegracaoAPI.csproj", "{E8C6B773-AD40-4EDE-A3EA-427F39D6F539}"
EndProject
Project("{2150E333-8FDC-42A3-9474-1A3956D46DE8}") = "API", "API", "{8739966D-9F18-4FF1-AF5D-1D043DD89C9A}"
EndProject
Project("{2150E333-8FDC-42A3-9474-1A3956D46DE8}") = "src", "src", "{CA54C0D8-BC8F-40FD-826E-4196317F42F5}"
EndProject
Project("{9A19103F-16F7-4668-BE54-9A1E7A4F7556}") = "Domain", "Domain\Domain.csproj", "{7B5F3674-7843-4832-85AA-6BF431611081}"
EndProject
Project("{2150E333-8FDC-42A3-9474-1A3956D46DE8}") = "1. Domain", "1. Domain", "{79EE7B7A-BF45-460E-80B5-FAEA17FB4F60}"
EndProject
Project("{2150E333-8FDC-42A3-9474-1A3956D46DE8}") = "2. Service", "2. Service", "{5A0D2020-B361-4789-BFDA-5F8017277DFE}"
EndProject
Project("{9A19103F-16F7-4668-BE54-9A1E7A4F7556}") = "Service", "Service\Service.csproj", "{473B1243-0014-48F3-AD87-A241008E49F9}"
EndProject
Project("{2150E333-8FDC-42A3-9474-1A3956D46DE8}") = "0. API", "0. API", "{126411F0-1F44-47C8-9009-57D7FA150596}"
EndProject
Project("{2150E333-8FDC-42A3-9474-1A3956D46DE8}") = "3.Estructure", "3.Estructure", "{3B96A467-DED3-45FA-96E7-141FE1114C3B}"
EndProject
Project("{9A19103F-16F7-4668-BE54-9A1E7A4F7556}") = "Infra", "Infra\Infra.csproj", "{3D9A6390-E4CD-4759-A830-15AEA677B5F8}"
EndProject
Global
	GlobalSection(SolutionConfigurationPlatforms) = preSolution
		Debug|Any CPU = Debug|Any CPU
		Release|Any CPU = Release|Any CPU
	EndGlobalSection
	GlobalSection(ProjectConfigurationPlatforms) = postSolution
		{E8C6B773-AD40-4EDE-A3EA-427F39D6F539}.Debug|Any CPU.ActiveCfg = Debug|Any CPU
		{E8C6B773-AD40-4EDE-A3EA-427F39D6F539}.Debug|Any CPU.Build.0 = Debug|Any CPU
		{E8C6B773-AD40-4EDE-A3EA-427F39D6F539}.Release|Any CPU.ActiveCfg = Release|Any CPU
		{E8C6B773-AD40-4EDE-A3EA-427F39D6F539}.Release|Any CPU.Build.0 = Release|Any CPU
		{7B5F3674-7843-4832-85AA-6BF431611081}.Debug|Any CPU.ActiveCfg = Debug|Any CPU
		{7B5F3674-7843-4832-85AA-6BF431611081}.Debug|Any CPU.Build.0 = Debug|Any CPU
		{7B5F3674-7843-4832-85AA-6BF431611081}.Release|Any CPU.ActiveCfg = Release|Any CPU
		{7B5F3674-7843-4832-85AA-6BF431611081}.Release|Any CPU.Build.0 = Release|Any CPU
		{473B1243-0014-48F3-AD87-A241008E49F9}.Debug|Any CPU.ActiveCfg = Debug|Any CPU
		{473B1243-0014-48F3-AD87-A241008E49F9}.Debug|Any CPU.Build.0 = Debug|Any CPU
		{473B1243-0014-48F3-AD87-A241008E49F9}.Release|Any CPU.ActiveCfg = Release|Any CPU
		{473B1243-0014-48F3-AD87-A241008E49F9}.Release|Any CPU.Build.0 = Release|Any CPU
		{3D9A6390-E4CD-4759-A830-15AEA677B5F8}.Debug|Any CPU.ActiveCfg = Debug|Any CPU
		{3D9A6390-E4CD-4759-A830-15AEA677B5F8}.Debug|Any CPU.Build.0 = Debug|Any CPU
		{3D9A6390-E4CD-4759-A830-15AEA677B5F8}.Release|Any CPU.ActiveCfg = Release|Any CPU
		{3D9A6390-E4CD-4759-A830-15AEA677B5F8}.Release|Any CPU.Build.0 = Release|Any CPU
	EndGlobalSection
	GlobalSection(SolutionProperties) = preSolution
		HideSolutionNode = FALSE
	EndGlobalSection
	GlobalSection(NestedProjects) = preSolution
		{E8C6B773-AD40-4EDE-A3EA-427F39D6F539} = {126411F0-1F44-47C8-9009-57D7FA150596}
		{8739966D-9F18-4FF1-AF5D-1D043DD89C9A} = {CA54C0D8-BC8F-40FD-826E-4196317F42F5}
		{7B5F3674-7843-4832-85AA-6BF431611081} = {79EE7B7A-BF45-460E-80B5-FAEA17FB4F60}
		{79EE7B7A-BF45-460E-80B5-FAEA17FB4F60} = {8739966D-9F18-4FF1-AF5D-1D043DD89C9A}
		{5A0D2020-B361-4789-BFDA-5F8017277DFE} = {8739966D-9F18-4FF1-AF5D-1D043DD89C9A}
		{473B1243-0014-48F3-AD87-A241008E49F9} = {5A0D2020-B361-4789-BFDA-5F8017277DFE}
		{126411F0-1F44-47C8-9009-57D7FA150596} = {8739966D-9F18-4FF1-AF5D-1D043DD89C9A}
		{3B96A467-DED3-45FA-96E7-141FE1114C3B} = {8739966D-9F18-4FF1-AF5D-1D043DD89C9A}
		{3D9A6390-E4CD-4759-A830-15AEA677B5F8} = {3B96A467-DED3-45FA-96E7-141FE1114C3B}
	EndGlobalSection
	GlobalSection(ExtensibilityGlobals) = postSolution
		SolutionGuid = {6FD41AE8-02A8-4BC2-875A-2A710DEBCDAC}
	EndGlobalSection
EndGlobal
